
Microsoft Visual Studio Solution File, Format Version 12.00
# Visual Studio Version 17
VisualStudioVersion = 17.7.34031.279
MinimumVisualStudioVersion = 10.0.40219.1
Project("{9A19103F-16F7-4668-BE54-9A1E7A4F7556}") = "BL", "BL\BL.csproj", "{06538496-A790-4E3B-AC2E-EEFBD27DB7AF}"
EndProject
Project("{9A19103F-16F7-4668-BE54-9A1E7A4F7556}") = "DL", "DL\DL.csproj", "{87845477-0C10-47E7-99EF-30DFF1A468E7}"
EndProject
Project("{9A19103F-16F7-4668-BE54-9A1E7A4F7556}") = "PL", "PL\PL.csproj", "{D9E78D76-E50C-4371-943D-95F17FB8DE80}"
EndProject
Project("{9A19103F-16F7-4668-BE54-9A1E7A4F7556}") = "SL", "SL\SL.csproj", "{75356B15-823E-4CF8-87AC-7C7A5CCFDA24}"
EndProject
Project("{FAE04EC0-301F-11D3-BF4B-00C04F79EFBC}") = "ML", "ML\ML.csproj", "{4397425C-6667-42E3-AF97-316EE33506E9}"
EndProject
Global
	GlobalSection(SolutionConfigurationPlatforms) = preSolution
		Debug|Any CPU = Debug|Any CPU
		Release|Any CPU = Release|Any CPU
	EndGlobalSection
	GlobalSection(ProjectConfigurationPlatforms) = postSolution
		{06538496-A790-4E3B-AC2E-EEFBD27DB7AF}.Debug|Any CPU.ActiveCfg = Debug|Any CPU
		{06538496-A790-4E3B-AC2E-EEFBD27DB7AF}.Debug|Any CPU.Build.0 = Debug|Any CPU
		{06538496-A790-4E3B-AC2E-EEFBD27DB7AF}.Release|Any CPU.ActiveCfg = Release|Any CPU
		{06538496-A790-4E3B-AC2E-EEFBD27DB7AF}.Release|Any CPU.Build.0 = Release|Any CPU
		{87845477-0C10-47E7-99EF-30DFF1A468E7}.Debug|Any CPU.ActiveCfg = Debug|Any CPU
		{87845477-0C10-47E7-99EF-30DFF1A468E7}.Debug|Any CPU.Build.0 = Debug|Any CPU
		{87845477-0C10-47E7-99EF-30DFF1A468E7}.Release|Any CPU.ActiveCfg = Release|Any CPU
		{87845477-0C10-47E7-99EF-30DFF1A468E7}.Release|Any CPU.Build.0 = Release|Any CPU
		{D9E78D76-E50C-4371-943D-95F17FB8DE80}.Debug|Any CPU.ActiveCfg = Debug|Any CPU
		{D9E78D76-E50C-4371-943D-95F17FB8DE80}.Debug|Any CPU.Build.0 = Debug|Any CPU
		{D9E78D76-E50C-4371-943D-95F17FB8DE80}.Release|Any CPU.ActiveCfg = Release|Any CPU
		{D9E78D76-E50C-4371-943D-95F17FB8DE80}.Release|Any CPU.Build.0 = Release|Any CPU
		{75356B15-823E-4CF8-87AC-7C7A5CCFDA24}.Debug|Any CPU.ActiveCfg = Debug|Any CPU
		{75356B15-823E-4CF8-87AC-7C7A5CCFDA24}.Debug|Any CPU.Build.0 = Debug|Any CPU
		{75356B15-823E-4CF8-87AC-7C7A5CCFDA24}.Release|Any CPU.ActiveCfg = Release|Any CPU
		{75356B15-823E-4CF8-87AC-7C7A5CCFDA24}.Release|Any CPU.Build.0 = Release|Any CPU
		{4397425C-6667-42E3-AF97-316EE33506E9}.Debug|Any CPU.ActiveCfg = Debug|Any CPU
		{4397425C-6667-42E3-AF97-316EE33506E9}.Debug|Any CPU.Build.0 = Debug|Any CPU
		{4397425C-6667-42E3-AF97-316EE33506E9}.Release|Any CPU.ActiveCfg = Release|Any CPU
		{4397425C-6667-42E3-AF97-316EE33506E9}.Release|Any CPU.Build.0 = Release|Any CPU
	EndGlobalSection
	GlobalSection(SolutionProperties) = preSolution
		HideSolutionNode = FALSE
	EndGlobalSection
	GlobalSection(ExtensibilityGlobals) = postSolution
		SolutionGuid = {EDA7D1F8-052A-4679-B0A5-851FDEBFA85D}
	EndGlobalSection
EndGlobal
